<?xml version="1.0" encoding="utf-8"?>
<Project ToolsVersion="4.0" xmlns="http://schemas.microsoft.com/developer/msbuild/2003">
  <ItemGroup>
    <Filter Include="Source Files">
      <UniqueIdentifier>{4FC737F1-C7A5-4376-A066-2A32D752A2FF}</UniqueIdentifier>
      <Extensions>cpp;c;cc;cxx;def;odl;idl;hpj;bat;asm;asmx</Extensions>
    </Filter>
    <Filter Include="Header Files">
      <UniqueIdentifier>{93995380-89BD-4b04-88EB-625FBE52EBFB}</UniqueIdentifier>
      <Extensions>h;hpp;hxx;hm;inl;inc;xsd</Extensions>
    </Filter>
    <Filter Include="Resource Files">
      <UniqueIdentifier>{67DA6AB6-F800-4c08-8B7A-83BB121AAD01}</UniqueIdentifier>
      <Extensions>rc;ico;cur;bmp;dlg;rc2;rct;bin;rgs;gif;jpg;jpeg;jpe;resx;tiff;tif;png;wav;mfcribbon-ms</Extensions>
    </Filter>
    <Filter Include="Rendering">
      <UniqueIdentifier>{7dc1466d-7ae9-4b24-b116-dc1df7b1919b}</UniqueIdentifier>
    </Filter>
  </ItemGroup>
  <ItemGroup>
    <Text Include="ReadMe.txt" />
  </ItemGroup>
  <ItemGroup>
    <ClInclude Include="stdafx.h">
      <Filter>Header Files</Filter>
    </ClInclude>
    <ClInclude Include="targetver.h">
      <Filter>Header Files</Filter>
    </ClInclude>
    <ClInclude Include="Resource.h">
      <Filter>Header Files</Filter>
    </ClInclude>
    <ClInclude Include="renderSample.h">
      <Filter>Header Files</Filter>
    </ClInclude>
    <ClInclude Include="render_core.h">
      <Filter>Rendering</Filter>
    </ClInclude>
    <ClInclude Include="thread.h">
      <Filter>Rendering</Filter>
    </ClInclude>
    <ClInclude Include="platform_defines.h">
      <Filter>Header Files</Filter>
    </ClInclude>
    <ClInclude Include="system_specfic.h">
      <Filter>Header Files</Filter>
    </ClInclude>
    <ClInclude Include="wnd_proc.h">
      <Filter>Header Files</Filter>
    </ClInclude>
    <ClInclude Include="com_math.h">
      <Filter>Header Files</Filter>
    </ClInclude>
    <ClInclude Include="com_define.h">
      <Filter>Header Files</Filter>
    </ClInclude>
    <ClInclude Include="r_d3d.h">
      <Filter>Rendering</Filter>
    </ClInclude>
    <ClInclude Include="render_backend_api.h">
      <Filter>Rendering</Filter>
    </ClInclude>
    <ClInclude Include="render_cmds.h">
      <Filter>Rendering</Filter>
    </ClInclude>
  </ItemGroup>
  <ItemGroup>
    <ClCompile Include="stdafx.cpp">
      <Filter>Source Files</Filter>
    </ClCompile>
    <ClCompile Include="renderSample.cpp">
      <Filter>Source Files</Filter>
    </ClCompile>
    <ClCompile Include="render_core.cpp">
      <Filter>Rendering</Filter>
    </ClCompile>
    <ClCompile Include="thread.cpp">
      <Filter>Rendering</Filter>
    </ClCompile>
    <ClCompile Include="system_specific.cpp">
      <Filter>Source Files</Filter>
    </ClCompile>
    <ClCompile Include="wind_proc.cpp">
      <Filter>Source Files</Filter>
    </ClCompile>
    <ClCompile Include="render_backend.cpp">
      <Filter>Rendering</Filter>
    </ClCompile>
    <ClCompile Include="render_cmds.cpp">
      <Filter>Rendering</Filter>
    </ClCompile>
  </ItemGroup>
  <ItemGroup>
    <ResourceCompile Include="renderSample.rc">
      <Filter>Resource Files</Filter>
    </ResourceCompile>
  </ItemGroup>
  <ItemGroup>
    <Image Include="small.ico">
      <Filter>Resource Files</Filter>
    </Image>
    <Image Include="renderSample.ico">
      <Filter>Resource Files</Filter>
    </Image>
  </ItemGroup>
</Project>